
Microsoft Visual Studio Solution File, Format Version 12.00
# Visual Studio Version 17
VisualStudioVersion = 17.8.34525.116
MinimumVisualStudioVersion = 10.0.40219.1
Project("{2150E333-8FDC-42A3-9474-1A3956D46DE8}") = "src", "src", "{80EE6E31-3AA4-4F49-BC88-D49F4FB03B00}"
EndProject
Project("{2150E333-8FDC-42A3-9474-1A3956D46DE8}") = "Tests", "Tests", "{931A278F-A9F9-4AF6-A589-0EAFD6307459}"
EndProject
Project("{9A19103F-16F7-4668-BE54-9A1E7A4F7556}") = "Calculations", "Calculations\Calculations.csproj", "{1CA670FA-2306-4165-8356-8F39539D9807}"
EndProject
Project("{9A19103F-16F7-4668-BE54-9A1E7A4F7556}") = "TestCalculateAreaAndPerimeterOfShapes", "TestCalculateAreaAndPerimeterOfShapes\TestCalculateAreaAndPerimeterOfShapes.csproj", "{FB257A8C-0C3F-466F-8F13-A779867E7D14}"
EndProject
Project("{FAE04EC0-301F-11D3-BF4B-00C04F79EFBC}") = "Calculation.Service", "Calculation.Service\Calculation.Service.csproj", "{B09DE754-17EA-4B7E-B5E6-E032A70C6AED}"
EndProject
Global
	GlobalSection(SolutionConfigurationPlatforms) = preSolution
		Debug|Any CPU = Debug|Any CPU
		Release|Any CPU = Release|Any CPU
	EndGlobalSection
	GlobalSection(ProjectConfigurationPlatforms) = postSolution
		{1CA670FA-2306-4165-8356-8F39539D9807}.Debug|Any CPU.ActiveCfg = Debug|Any CPU
		{1CA670FA-2306-4165-8356-8F39539D9807}.Debug|Any CPU.Build.0 = Debug|Any CPU
		{1CA670FA-2306-4165-8356-8F39539D9807}.Release|Any CPU.ActiveCfg = Release|Any CPU
		{1CA670FA-2306-4165-8356-8F39539D9807}.Release|Any CPU.Build.0 = Release|Any CPU
		{FB257A8C-0C3F-466F-8F13-A779867E7D14}.Debug|Any CPU.ActiveCfg = Debug|Any CPU
		{FB257A8C-0C3F-466F-8F13-A779867E7D14}.Debug|Any CPU.Build.0 = Debug|Any CPU
		{FB257A8C-0C3F-466F-8F13-A779867E7D14}.Release|Any CPU.ActiveCfg = Release|Any CPU
		{FB257A8C-0C3F-466F-8F13-A779867E7D14}.Release|Any CPU.Build.0 = Release|Any CPU
		{B09DE754-17EA-4B7E-B5E6-E032A70C6AED}.Debug|Any CPU.ActiveCfg = Debug|Any CPU
		{B09DE754-17EA-4B7E-B5E6-E032A70C6AED}.Debug|Any CPU.Build.0 = Debug|Any CPU
		{B09DE754-17EA-4B7E-B5E6-E032A70C6AED}.Release|Any CPU.ActiveCfg = Release|Any CPU
		{B09DE754-17EA-4B7E-B5E6-E032A70C6AED}.Release|Any CPU.Build.0 = Release|Any CPU
	EndGlobalSection
	GlobalSection(SolutionProperties) = preSolution
		HideSolutionNode = FALSE
	EndGlobalSection
	GlobalSection(NestedProjects) = preSolution
		{1CA670FA-2306-4165-8356-8F39539D9807} = {80EE6E31-3AA4-4F49-BC88-D49F4FB03B00}
		{FB257A8C-0C3F-466F-8F13-A779867E7D14} = {931A278F-A9F9-4AF6-A589-0EAFD6307459}
		{B09DE754-17EA-4B7E-B5E6-E032A70C6AED} = {80EE6E31-3AA4-4F49-BC88-D49F4FB03B00}
	EndGlobalSection
	GlobalSection(ExtensibilityGlobals) = postSolution
		SolutionGuid = {EBD5BAE4-4764-42C0-928C-B1A5990E1CFB}
	EndGlobalSection
EndGlobal
